{
  "name": "js_tutorial",
  "lockfileVersion": 3,
  "requires": true,
  "packages": {
    "": {
      "dependencies": {
        "jkaawright-palindrome": "^0.2.2"
      }
    },
    "node_modules/jkaawright-palindrome": {
      "version": "0.2.2",
      "resolved": "https://registry.npmjs.org/jkaawright-palindrome/-/jkaawright-palindrome-0.2.2.tgz",
      "integrity": "sha512-Qa5+eJ45ew4XaPKXxUxp6i3jk+gE60r68r+3bMbQjGJj6NG1cIBjVtT1CvBQlPJbIkCTfPHfECD0G8FWGGlv7g=="
    }
  }
}
