{
  "name": "js_tutorial",
  "lockfileVersion": 3,
  "requires": true,
  "packages": {
    "": {
      "dependencies": {
        "jkaawright-palindrome": "^0.1.0"
      }
    },
    "node_modules/jkaawright-palindrome": {
      "version": "0.1.0",
      "resolved": "https://registry.npmjs.org/jkaawright-palindrome/-/jkaawright-palindrome-0.1.0.tgz",
      "integrity": "sha512-S3kk+fz2HWob6+//1Qmn3kNkI7kabCMVwwMQTsYKZ7vRlP7ilKY/qcsl+eYD5C0GYftX7LqwcAm7U6IaTX73Jg=="
    }
  }
}
